
Microsoft Visual Studio Solution File, Format Version 12.00
# Visual Studio 15
VisualStudioVersion = 15.0.28307.421
MinimumVisualStudioVersion = 10.0.40219.1
Project("{FAE04EC0-301F-11D3-BF4B-00C04F79EFBC}") = "App1.Android", "App1\App1.Android\App1.Android.csproj", "{B5AA264A-364D-441A-AD97-E07BC9DB197B}"
EndProject
Project("{FAE04EC0-301F-11D3-BF4B-00C04F79EFBC}") = "App1.iOS", "App1\App1.iOS\App1.iOS.csproj", "{868657F1-355D-4F68-9821-ECCA668A88A7}"
EndProject
Project("{FAE04EC0-301F-11D3-BF4B-00C04F79EFBC}") = "App1", "App1\App1\App1.csproj", "{7E4A41A9-FD8D-4A8C-83C8-32431436CA06}"
EndProject
Global
	GlobalSection(SolutionConfigurationPlatforms) = preSolution
		Ad-Hoc|Any CPU = Ad-Hoc|Any CPU
		Ad-Hoc|iPhone = Ad-Hoc|iPhone
		Ad-Hoc|iPhoneSimulator = Ad-Hoc|iPhoneSimulator
		AppStore|Any CPU = AppStore|Any CPU
		AppStore|iPhone = AppStore|iPhone
		AppStore|iPhoneSimulator = AppStore|iPhoneSimulator
		Debug|Any CPU = Debug|Any CPU
		Debug|iPhone = Debug|iPhone
		Debug|iPhoneSimulator = Debug|iPhoneSimulator
		Release|Any CPU = Release|Any CPU
		Release|iPhone = Release|iPhone
		Release|iPhoneSimulator = Release|iPhoneSimulator
	EndGlobalSection
	GlobalSection(ProjectConfigurationPlatforms) = postSolution
		{B5AA264A-364D-441A-AD97-E07BC9DB197B}.Ad-Hoc|Any CPU.ActiveCfg = Release|Any CPU
		{B5AA264A-364D-441A-AD97-E07BC9DB197B}.Ad-Hoc|Any CPU.Build.0 = Release|Any CPU
		{B5AA264A-364D-441A-AD97-E07BC9DB197B}.Ad-Hoc|Any CPU.Deploy.0 = Release|Any CPU
		{B5AA264A-364D-441A-AD97-E07BC9DB197B}.Ad-Hoc|iPhone.ActiveCfg = Release|Any CPU
		{B5AA264A-364D-441A-AD97-E07BC9DB197B}.Ad-Hoc|iPhone.Build.0 = Release|Any CPU
		{B5AA264A-364D-441A-AD97-E07BC9DB197B}.Ad-Hoc|iPhone.Deploy.0 = Release|Any CPU
		{B5AA264A-364D-441A-AD97-E07BC9DB197B}.Ad-Hoc|iPhoneSimulator.ActiveCfg = Release|Any CPU
		{B5AA264A-364D-441A-AD97-E07BC9DB197B}.Ad-Hoc|iPhoneSimulator.Build.0 = Release|Any CPU
		{B5AA264A-364D-441A-AD97-E07BC9DB197B}.Ad-Hoc|iPhoneSimulator.Deploy.0 = Release|Any CPU
		{B5AA264A-364D-441A-AD97-E07BC9DB197B}.AppStore|Any CPU.ActiveCfg = Release|Any CPU
		{B5AA264A-364D-441A-AD97-E07BC9DB197B}.AppStore|Any CPU.Build.0 = Release|Any CPU
		{B5AA264A-364D-441A-AD97-E07BC9DB197B}.AppStore|Any CPU.Deploy.0 = Release|Any CPU
		{B5AA264A-364D-441A-AD97-E07BC9DB197B}.AppStore|iPhone.ActiveCfg = Release|Any CPU
		{B5AA264A-364D-441A-AD97-E07BC9DB197B}.AppStore|iPhone.Build.0 = Release|Any CPU
		{B5AA264A-364D-441A-AD97-E07BC9DB197B}.AppStore|iPhone.Deploy.0 = Release|Any CPU
		{B5AA264A-364D-441A-AD97-E07BC9DB197B}.AppStore|iPhoneSimulator.ActiveCfg = Release|Any CPU
		{B5AA264A-364D-441A-AD97-E07BC9DB197B}.AppStore|iPhoneSimulator.Build.0 = Release|Any CPU
		{B5AA264A-364D-441A-AD97-E07BC9DB197B}.AppStore|iPhoneSimulator.Deploy.0 = Release|Any CPU
		{B5AA264A-364D-441A-AD97-E07BC9DB197B}.Debug|Any CPU.ActiveCfg = Debug|Any CPU
		{B5AA264A-364D-441A-AD97-E07BC9DB197B}.Debug|Any CPU.Build.0 = Debug|Any CPU
		{B5AA264A-364D-441A-AD97-E07BC9DB197B}.Debug|Any CPU.Deploy.0 = Debug|Any CPU
		{B5AA264A-364D-441A-AD97-E07BC9DB197B}.Debug|iPhone.ActiveCfg = Debug|Any CPU
		{B5AA264A-364D-441A-AD97-E07BC9DB197B}.Debug|iPhone.Build.0 = Debug|Any CPU
		{B5AA264A-364D-441A-AD97-E07BC9DB197B}.Debug|iPhone.Deploy.0 = Debug|Any CPU
		{B5AA264A-364D-441A-AD97-E07BC9DB197B}.Debug|iPhoneSimulator.ActiveCfg = Debug|Any CPU
		{B5AA264A-364D-441A-AD97-E07BC9DB197B}.Debug|iPhoneSimulator.Build.0 = Debug|Any CPU
		{B5AA264A-364D-441A-AD97-E07BC9DB197B}.Debug|iPhoneSimulator.Deploy.0 = Debug|Any CPU
		{B5AA264A-364D-441A-AD97-E07BC9DB197B}.Release|Any CPU.ActiveCfg = Release|Any CPU
		{B5AA264A-364D-441A-AD97-E07BC9DB197B}.Release|Any CPU.Build.0 = Release|Any CPU
		{B5AA264A-364D-441A-AD97-E07BC9DB197B}.Release|Any CPU.Deploy.0 = Release|Any CPU
		{B5AA264A-364D-441A-AD97-E07BC9DB197B}.Release|iPhone.ActiveCfg = Release|Any CPU
		{B5AA264A-364D-441A-AD97-E07BC9DB197B}.Release|iPhone.Build.0 = Release|Any CPU
		{B5AA264A-364D-441A-AD97-E07BC9DB197B}.Release|iPhone.Deploy.0 = Release|Any CPU
		{B5AA264A-364D-441A-AD97-E07BC9DB197B}.Release|iPhoneSimulator.ActiveCfg = Release|Any CPU
		{B5AA264A-364D-441A-AD97-E07BC9DB197B}.Release|iPhoneSimulator.Build.0 = Release|Any CPU
		{B5AA264A-364D-441A-AD97-E07BC9DB197B}.Release|iPhoneSimulator.Deploy.0 = Release|Any CPU
		{868657F1-355D-4F68-9821-ECCA668A88A7}.Ad-Hoc|Any CPU.ActiveCfg = Ad-Hoc|iPhone
		{868657F1-355D-4F68-9821-ECCA668A88A7}.Ad-Hoc|Any CPU.Build.0 = Ad-Hoc|iPhone
		{868657F1-355D-4F68-9821-ECCA668A88A7}.Ad-Hoc|Any CPU.Deploy.0 = Ad-Hoc|iPhone
		{868657F1-355D-4F68-9821-ECCA668A88A7}.Ad-Hoc|iPhone.ActiveCfg = Ad-Hoc|iPhone
		{868657F1-355D-4F68-9821-ECCA668A88A7}.Ad-Hoc|iPhone.Build.0 = Ad-Hoc|iPhone
		{868657F1-355D-4F68-9821-ECCA668A88A7}.Ad-Hoc|iPhone.Deploy.0 = Ad-Hoc|iPhone
		{868657F1-355D-4F68-9821-ECCA668A88A7}.Ad-Hoc|iPhoneSimulator.ActiveCfg = Ad-Hoc|iPhoneSimulator
		{868657F1-355D-4F68-9821-ECCA668A88A7}.Ad-Hoc|iPhoneSimulator.Build.0 = Ad-Hoc|iPhoneSimulator
		{868657F1-355D-4F68-9821-ECCA668A88A7}.Ad-Hoc|iPhoneSimulator.Deploy.0 = Ad-Hoc|iPhoneSimulator
		{868657F1-355D-4F68-9821-ECCA668A88A7}.AppStore|Any CPU.ActiveCfg = AppStore|iPhone
		{868657F1-355D-4F68-9821-ECCA668A88A7}.AppStore|Any CPU.Build.0 = AppStore|iPhone
		{868657F1-355D-4F68-9821-ECCA668A88A7}.AppStore|Any CPU.Deploy.0 = AppStore|iPhone
		{868657F1-355D-4F68-9821-ECCA668A88A7}.AppStore|iPhone.ActiveCfg = AppStore|iPhone
		{868657F1-355D-4F68-9821-ECCA668A88A7}.AppStore|iPhone.Build.0 = AppStore|iPhone
		{868657F1-355D-4F68-9821-ECCA668A88A7}.AppStore|iPhone.Deploy.0 = AppStore|iPhone
		{868657F1-355D-4F68-9821-ECCA668A88A7}.AppStore|iPhoneSimulator.ActiveCfg = AppStore|iPhoneSimulator
		{868657F1-355D-4F68-9821-ECCA668A88A7}.AppStore|iPhoneSimulator.Build.0 = AppStore|iPhoneSimulator
		{868657F1-355D-4F68-9821-ECCA668A88A7}.AppStore|iPhoneSimulator.Deploy.0 = AppStore|iPhoneSimulator
		{868657F1-355D-4F68-9821-ECCA668A88A7}.Debug|Any CPU.ActiveCfg = Debug|iPhoneSimulator
		{868657F1-355D-4F68-9821-ECCA668A88A7}.Debug|Any CPU.Build.0 = Debug|iPhoneSimulator
		{868657F1-355D-4F68-9821-ECCA668A88A7}.Debug|Any CPU.Deploy.0 = Debug|iPhoneSimulator
		{868657F1-355D-4F68-9821-ECCA668A88A7}.Debug|iPhone.ActiveCfg = Debug|iPhone
		{868657F1-355D-4F68-9821-ECCA668A88A7}.Debug|iPhone.Build.0 = Debug|iPhone
		{868657F1-355D-4F68-9821-ECCA668A88A7}.Debug|iPhone.Deploy.0 = Debug|iPhone
		{868657F1-355D-4F68-9821-ECCA668A88A7}.Debug|iPhoneSimulator.ActiveCfg = Debug|iPhoneSimulator
		{868657F1-355D-4F68-9821-ECCA668A88A7}.Debug|iPhoneSimulator.Build.0 = Debug|iPhoneSimulator
		{868657F1-355D-4F68-9821-ECCA668A88A7}.Debug|iPhoneSimulator.Deploy.0 = Debug|iPhoneSimulator
		{868657F1-355D-4F68-9821-ECCA668A88A7}.Release|Any CPU.ActiveCfg = Release|iPhone
		{868657F1-355D-4F68-9821-ECCA668A88A7}.Release|Any CPU.Build.0 = Release|iPhone
		{868657F1-355D-4F68-9821-ECCA668A88A7}.Release|Any CPU.Deploy.0 = Release|iPhone
		{868657F1-355D-4F68-9821-ECCA668A88A7}.Release|iPhone.ActiveCfg = Release|iPhone
		{868657F1-355D-4F68-9821-ECCA668A88A7}.Release|iPhone.Build.0 = Release|iPhone
		{868657F1-355D-4F68-9821-ECCA668A88A7}.Release|iPhone.Deploy.0 = Release|iPhone
		{868657F1-355D-4F68-9821-ECCA668A88A7}.Release|iPhoneSimulator.ActiveCfg = Release|iPhoneSimulator
		{868657F1-355D-4F68-9821-ECCA668A88A7}.Release|iPhoneSimulator.Build.0 = Release|iPhoneSimulator
		{868657F1-355D-4F68-9821-ECCA668A88A7}.Release|iPhoneSimulator.Deploy.0 = Release|iPhoneSimulator
		{7E4A41A9-FD8D-4A8C-83C8-32431436CA06}.Ad-Hoc|Any CPU.ActiveCfg = Debug|Any CPU
		{7E4A41A9-FD8D-4A8C-83C8-32431436CA06}.Ad-Hoc|Any CPU.Build.0 = Debug|Any CPU
		{7E4A41A9-FD8D-4A8C-83C8-32431436CA06}.Ad-Hoc|Any CPU.Deploy.0 = Debug|Any CPU
		{7E4A41A9-FD8D-4A8C-83C8-32431436CA06}.Ad-Hoc|iPhone.ActiveCfg = Debug|Any CPU
		{7E4A41A9-FD8D-4A8C-83C8-32431436CA06}.Ad-Hoc|iPhone.Build.0 = Debug|Any CPU
		{7E4A41A9-FD8D-4A8C-83C8-32431436CA06}.Ad-Hoc|iPhone.Deploy.0 = Debug|Any CPU
		{7E4A41A9-FD8D-4A8C-83C8-32431436CA06}.Ad-Hoc|iPhoneSimulator.ActiveCfg = Debug|Any CPU
		{7E4A41A9-FD8D-4A8C-83C8-32431436CA06}.Ad-Hoc|iPhoneSimulator.Build.0 = Debug|Any CPU
		{7E4A41A9-FD8D-4A8C-83C8-32431436CA06}.Ad-Hoc|iPhoneSimulator.Deploy.0 = Debug|Any CPU
		{7E4A41A9-FD8D-4A8C-83C8-32431436CA06}.AppStore|Any CPU.ActiveCfg = Debug|Any CPU
		{7E4A41A9-FD8D-4A8C-83C8-32431436CA06}.AppStore|Any CPU.Build.0 = Debug|Any CPU
		{7E4A41A9-FD8D-4A8C-83C8-32431436CA06}.AppStore|Any CPU.Deploy.0 = Debug|Any CPU
		{7E4A41A9-FD8D-4A8C-83C8-32431436CA06}.AppStore|iPhone.ActiveCfg = Debug|Any CPU
		{7E4A41A9-FD8D-4A8C-83C8-32431436CA06}.AppStore|iPhone.Build.0 = Debug|Any CPU
		{7E4A41A9-FD8D-4A8C-83C8-32431436CA06}.AppStore|iPhone.Deploy.0 = Debug|Any CPU
		{7E4A41A9-FD8D-4A8C-83C8-32431436CA06}.AppStore|iPhoneSimulator.ActiveCfg = Debug|Any CPU
		{7E4A41A9-FD8D-4A8C-83C8-32431436CA06}.AppStore|iPhoneSimulator.Build.0 = Debug|Any CPU
		{7E4A41A9-FD8D-4A8C-83C8-32431436CA06}.AppStore|iPhoneSimulator.Deploy.0 = Debug|Any CPU
		{7E4A41A9-FD8D-4A8C-83C8-32431436CA06}.Debug|Any CPU.ActiveCfg = Debug|Any CPU
		{7E4A41A9-FD8D-4A8C-83C8-32431436CA06}.Debug|Any CPU.Build.0 = Debug|Any CPU
		{7E4A41A9-FD8D-4A8C-83C8-32431436CA06}.Debug|Any CPU.Deploy.0 = Debug|Any CPU
		{7E4A41A9-FD8D-4A8C-83C8-32431436CA06}.Debug|iPhone.ActiveCfg = Debug|Any CPU
		{7E4A41A9-FD8D-4A8C-83C8-32431436CA06}.Debug|iPhone.Build.0 = Debug|Any CPU
		{7E4A41A9-FD8D-4A8C-83C8-32431436CA06}.Debug|iPhone.Deploy.0 = Debug|Any CPU
		{7E4A41A9-FD8D-4A8C-83C8-32431436CA06}.Debug|iPhoneSimulator.ActiveCfg = Debug|Any CPU
		{7E4A41A9-FD8D-4A8C-83C8-32431436CA06}.Debug|iPhoneSimulator.Build.0 = Debug|Any CPU
		{7E4A41A9-FD8D-4A8C-83C8-32431436CA06}.Debug|iPhoneSimulator.Deploy.0 = Debug|Any CPU
		{7E4A41A9-FD8D-4A8C-83C8-32431436CA06}.Release|Any CPU.ActiveCfg = Release|Any CPU
		{7E4A41A9-FD8D-4A8C-83C8-32431436CA06}.Release|Any CPU.Build.0 = Release|Any CPU
		{7E4A41A9-FD8D-4A8C-83C8-32431436CA06}.Release|Any CPU.Deploy.0 = Release|Any CPU
		{7E4A41A9-FD8D-4A8C-83C8-32431436CA06}.Release|iPhone.ActiveCfg = Release|Any CPU
		{7E4A41A9-FD8D-4A8C-83C8-32431436CA06}.Release|iPhone.Build.0 = Release|Any CPU
		{7E4A41A9-FD8D-4A8C-83C8-32431436CA06}.Release|iPhone.Deploy.0 = Release|Any CPU
		{7E4A41A9-FD8D-4A8C-83C8-32431436CA06}.Release|iPhoneSimulator.ActiveCfg = Release|Any CPU
		{7E4A41A9-FD8D-4A8C-83C8-32431436CA06}.Release|iPhoneSimulator.Build.0 = Release|Any CPU
		{7E4A41A9-FD8D-4A8C-83C8-32431436CA06}.Release|iPhoneSimulator.Deploy.0 = Release|Any CPU
	EndGlobalSection
	GlobalSection(SolutionProperties) = preSolution
		HideSolutionNode = FALSE
	EndGlobalSection
	GlobalSection(ExtensibilityGlobals) = postSolution
		SolutionGuid = {1FE572D6-81FA-45D5-9ABB-635597D111D8}
	EndGlobalSection
EndGlobal
